{
  "nodes": {
    "flake-parts": {
      "inputs": {
        "nixpkgs-lib": [
          "nixpkgs"
        ]
      },
      "locked": {
        "lastModified": 1736143030,
        "narHash": "sha256-+hu54pAoLDEZT9pjHlqL9DNzWz0NbUn8NEAHP7PQPzU=",
        "owner": "hercules-ci",
        "repo": "flake-parts",
        "rev": "b905f6fc23a9051a6e1b741e1438dbfc0634c6de",
        "type": "github"
      },
      "original": {
        "owner": "hercules-ci",
        "repo": "flake-parts",
        "type": "github"
      }
    },
    "heroicons": {
      "flake": false,
      "locked": {
        "lastModified": 1702930091,
        "narHash": "sha256-4yRqfY8r2Ar9Fr45ikD/8jK+H3g4veEHfXa9BorLxXg=",
        "owner": "tailwindlabs",
        "repo": "heroicons",
        "rev": "88ab3a0d790e6a47404cba02800a6b25d2afae50",
        "type": "github"
      },
      "original": {
        "owner": "tailwindlabs",
        "ref": "v2.1.1",
        "repo": "heroicons",
        "type": "github"
      }
    },
    "nixpkgs": {
      "locked": {
        "lastModified": 1738297584,
        "narHash": "sha256-AYvaFBzt8dU0fcSK2jKD0Vg23K2eIRxfsVXIPCW9a0E=",
        "owner": "nixos",
        "repo": "nixpkgs",
        "rev": "9189ac18287c599860e878e905da550aa6dec1cd",
        "type": "github"
      },
      "original": {
        "owner": "nixos",
        "ref": "nixpkgs-unstable",
        "repo": "nixpkgs",
        "type": "github"
      }
    },
    "root": {
      "inputs": {
        "flake-parts": "flake-parts",
        "heroicons": "heroicons",
        "nixpkgs": "nixpkgs",
        "systems": "systems"
      }
    },
    "systems": {
      "locked": {
        "lastModified": 1681028828,
        "narHash": "sha256-Vy1rq5AaRuLzOxct8nz4T6wlgyUR7zLU309k9mBC768=",
        "owner": "nix-systems",
        "repo": "default",
        "rev": "da67096a3b9bf56a91d16901293e51ba5b49a27e",
        "type": "github"
      },
      "original": {
        "owner": "nix-systems",
        "repo": "default",
        "type": "github"
      }
    }
  },
  "root": "root",
  "version": 7
}
